
Microsoft Visual Studio Solution File, Format Version 12.00
# Visual Studio Version 17
VisualStudioVersion = 17.5.33424.131
MinimumVisualStudioVersion = 10.0.40219.1
Project("{2150E333-8FDC-42A3-9474-1A3956D46DE8}") = "src", "src", "{109022C2-6044-4893-B579-333E849B7378}"
EndProject
Project("{2150E333-8FDC-42A3-9474-1A3956D46DE8}") = "test", "test", "{CEECB531-3D71-40D8-BA0D-4AEF42283DF9}"
EndProject
Project("{2150E333-8FDC-42A3-9474-1A3956D46DE8}") = "API", "API", "{BA93DDF6-483C-42A4-A17B-10BB4046CD75}"
EndProject
Project("{2150E333-8FDC-42A3-9474-1A3956D46DE8}") = "Core", "Core", "{F9AB57FD-C3CF-43AD-9773-CF407D33FA90}"
EndProject
Project("{2150E333-8FDC-42A3-9474-1A3956D46DE8}") = "Infrastructure", "Infrastructure", "{93F46F19-C462-4D45-BF5C-A99125E30A15}"
EndProject
Project("{9A19103F-16F7-4668-BE54-9A1E7A4F7556}") = "TicketManagementSystemAPI.Domain", "TicketManagementSystemAPI.Domain\TicketManagementSystemAPI.Domain.csproj", "{6F837986-8066-4A3F-8DE2-EBDA6C450CF8}"
EndProject
Project("{9A19103F-16F7-4668-BE54-9A1E7A4F7556}") = "TicketManagementSystemAPI.Application", "TicketManagementSystemAPI.Application\TicketManagementSystemAPI.Application.csproj", "{43CA2BF4-47DA-4972-B9CA-610D58DB58BE}"
EndProject
Project("{FAE04EC0-301F-11D3-BF4B-00C04F79EFBC}") = "TicketManagementSystemAPI.Persistence", "TicketManagementSystemAPI.Persistence\TicketManagementSystemAPI.Persistence.csproj", "{29CEBB9C-0B6B-44CB-B1CA-978A0E5756EA}"
EndProject
Project("{FAE04EC0-301F-11D3-BF4B-00C04F79EFBC}") = "TicketManagementSystemAPI.Infrastructure", "TicketManagementSystemAPI.Infrastructure\TicketManagementSystemAPI.Infrastructure.csproj", "{BCD939F7-E461-485D-8614-67369D3B9896}"
EndProject
Project("{FAE04EC0-301F-11D3-BF4B-00C04F79EFBC}") = "TicketManagementSystemAPI.Api", "TicketManagementSystemAPI.Api\TicketManagementSystemAPI.Api.csproj", "{EE4F07DD-B47E-4B68-B3E9-024BD2F3C102}"
EndProject
Global
	GlobalSection(SolutionConfigurationPlatforms) = preSolution
		Debug|Any CPU = Debug|Any CPU
		Release|Any CPU = Release|Any CPU
	EndGlobalSection
	GlobalSection(ProjectConfigurationPlatforms) = postSolution
		{6F837986-8066-4A3F-8DE2-EBDA6C450CF8}.Debug|Any CPU.ActiveCfg = Debug|Any CPU
		{6F837986-8066-4A3F-8DE2-EBDA6C450CF8}.Debug|Any CPU.Build.0 = Debug|Any CPU
		{6F837986-8066-4A3F-8DE2-EBDA6C450CF8}.Release|Any CPU.ActiveCfg = Release|Any CPU
		{6F837986-8066-4A3F-8DE2-EBDA6C450CF8}.Release|Any CPU.Build.0 = Release|Any CPU
		{43CA2BF4-47DA-4972-B9CA-610D58DB58BE}.Debug|Any CPU.ActiveCfg = Debug|Any CPU
		{43CA2BF4-47DA-4972-B9CA-610D58DB58BE}.Debug|Any CPU.Build.0 = Debug|Any CPU
		{43CA2BF4-47DA-4972-B9CA-610D58DB58BE}.Release|Any CPU.ActiveCfg = Release|Any CPU
		{43CA2BF4-47DA-4972-B9CA-610D58DB58BE}.Release|Any CPU.Build.0 = Release|Any CPU
		{29CEBB9C-0B6B-44CB-B1CA-978A0E5756EA}.Debug|Any CPU.ActiveCfg = Debug|Any CPU
		{29CEBB9C-0B6B-44CB-B1CA-978A0E5756EA}.Debug|Any CPU.Build.0 = Debug|Any CPU
		{29CEBB9C-0B6B-44CB-B1CA-978A0E5756EA}.Release|Any CPU.ActiveCfg = Release|Any CPU
		{29CEBB9C-0B6B-44CB-B1CA-978A0E5756EA}.Release|Any CPU.Build.0 = Release|Any CPU
		{BCD939F7-E461-485D-8614-67369D3B9896}.Debug|Any CPU.ActiveCfg = Debug|Any CPU
		{BCD939F7-E461-485D-8614-67369D3B9896}.Debug|Any CPU.Build.0 = Debug|Any CPU
		{BCD939F7-E461-485D-8614-67369D3B9896}.Release|Any CPU.ActiveCfg = Release|Any CPU
		{BCD939F7-E461-485D-8614-67369D3B9896}.Release|Any CPU.Build.0 = Release|Any CPU
		{EE4F07DD-B47E-4B68-B3E9-024BD2F3C102}.Debug|Any CPU.ActiveCfg = Debug|Any CPU
		{EE4F07DD-B47E-4B68-B3E9-024BD2F3C102}.Debug|Any CPU.Build.0 = Debug|Any CPU
		{EE4F07DD-B47E-4B68-B3E9-024BD2F3C102}.Release|Any CPU.ActiveCfg = Release|Any CPU
		{EE4F07DD-B47E-4B68-B3E9-024BD2F3C102}.Release|Any CPU.Build.0 = Release|Any CPU
	EndGlobalSection
	GlobalSection(SolutionProperties) = preSolution
		HideSolutionNode = FALSE
	EndGlobalSection
	GlobalSection(NestedProjects) = preSolution
		{BA93DDF6-483C-42A4-A17B-10BB4046CD75} = {109022C2-6044-4893-B579-333E849B7378}
		{F9AB57FD-C3CF-43AD-9773-CF407D33FA90} = {109022C2-6044-4893-B579-333E849B7378}
		{93F46F19-C462-4D45-BF5C-A99125E30A15} = {109022C2-6044-4893-B579-333E849B7378}
		{6F837986-8066-4A3F-8DE2-EBDA6C450CF8} = {F9AB57FD-C3CF-43AD-9773-CF407D33FA90}
		{43CA2BF4-47DA-4972-B9CA-610D58DB58BE} = {F9AB57FD-C3CF-43AD-9773-CF407D33FA90}
		{29CEBB9C-0B6B-44CB-B1CA-978A0E5756EA} = {93F46F19-C462-4D45-BF5C-A99125E30A15}
		{BCD939F7-E461-485D-8614-67369D3B9896} = {93F46F19-C462-4D45-BF5C-A99125E30A15}
		{EE4F07DD-B47E-4B68-B3E9-024BD2F3C102} = {BA93DDF6-483C-42A4-A17B-10BB4046CD75}
	EndGlobalSection
	GlobalSection(ExtensibilityGlobals) = postSolution
		SolutionGuid = {F735E198-5AEB-42FF-898A-1FBA9BFE3B25}
	EndGlobalSection
EndGlobal
